
Microsoft Visual Studio Solution File, Format Version 12.00
# Visual Studio Version 17
VisualStudioVersion = 17.11.35327.3
MinimumVisualStudioVersion = 10.0.40219.1
Project("{FAE04EC0-301F-11D3-BF4B-00C04F79EFBC}") = "FUMiniHotelManagement", "FUMiniHotelManagement\FUMiniHotelManagement.csproj", "{32B4D7D6-EB65-4842-8DEA-26C1782D6AC8}"
EndProject
Project("{FAE04EC0-301F-11D3-BF4B-00C04F79EFBC}") = "Hotel_BussinessObjects", "Hotel_BussinessObjects\Hotel_BussinessObjects.csproj", "{AE0205AB-C1B3-4D85-91D4-E865A8F49043}"
EndProject
Project("{FAE04EC0-301F-11D3-BF4B-00C04F79EFBC}") = "Hotel_DAOs", "Hotel_DAOs\Hotel_DAOs.csproj", "{FB252487-E1B5-401B-8B04-9696FA7B1403}"
EndProject
Project("{FAE04EC0-301F-11D3-BF4B-00C04F79EFBC}") = "Hotel_Repositories", "Hotel_Repositories\Hotel_Repositories.csproj", "{4AFFCABB-33C1-4535-8C6A-1A3BAEFA2EE0}"
EndProject
Project("{FAE04EC0-301F-11D3-BF4B-00C04F79EFBC}") = "Hotel_Services", "Hotel_Services\Hotel_Services.csproj", "{78B88382-4200-4FA1-9AEB-20F9E6E460AD}"
EndProject
Global
	GlobalSection(SolutionConfigurationPlatforms) = preSolution
		Debug|Any CPU = Debug|Any CPU
		Release|Any CPU = Release|Any CPU
	EndGlobalSection
	GlobalSection(ProjectConfigurationPlatforms) = postSolution
		{32B4D7D6-EB65-4842-8DEA-26C1782D6AC8}.Debug|Any CPU.ActiveCfg = Debug|Any CPU
		{32B4D7D6-EB65-4842-8DEA-26C1782D6AC8}.Debug|Any CPU.Build.0 = Debug|Any CPU
		{32B4D7D6-EB65-4842-8DEA-26C1782D6AC8}.Release|Any CPU.ActiveCfg = Release|Any CPU
		{32B4D7D6-EB65-4842-8DEA-26C1782D6AC8}.Release|Any CPU.Build.0 = Release|Any CPU
		{AE0205AB-C1B3-4D85-91D4-E865A8F49043}.Debug|Any CPU.ActiveCfg = Debug|Any CPU
		{AE0205AB-C1B3-4D85-91D4-E865A8F49043}.Debug|Any CPU.Build.0 = Debug|Any CPU
		{AE0205AB-C1B3-4D85-91D4-E865A8F49043}.Release|Any CPU.ActiveCfg = Release|Any CPU
		{AE0205AB-C1B3-4D85-91D4-E865A8F49043}.Release|Any CPU.Build.0 = Release|Any CPU
		{FB252487-E1B5-401B-8B04-9696FA7B1403}.Debug|Any CPU.ActiveCfg = Debug|Any CPU
		{FB252487-E1B5-401B-8B04-9696FA7B1403}.Debug|Any CPU.Build.0 = Debug|Any CPU
		{FB252487-E1B5-401B-8B04-9696FA7B1403}.Release|Any CPU.ActiveCfg = Release|Any CPU
		{FB252487-E1B5-401B-8B04-9696FA7B1403}.Release|Any CPU.Build.0 = Release|Any CPU
		{4AFFCABB-33C1-4535-8C6A-1A3BAEFA2EE0}.Debug|Any CPU.ActiveCfg = Debug|Any CPU
		{4AFFCABB-33C1-4535-8C6A-1A3BAEFA2EE0}.Debug|Any CPU.Build.0 = Debug|Any CPU
		{4AFFCABB-33C1-4535-8C6A-1A3BAEFA2EE0}.Release|Any CPU.ActiveCfg = Release|Any CPU
		{4AFFCABB-33C1-4535-8C6A-1A3BAEFA2EE0}.Release|Any CPU.Build.0 = Release|Any CPU
		{78B88382-4200-4FA1-9AEB-20F9E6E460AD}.Debug|Any CPU.ActiveCfg = Debug|Any CPU
		{78B88382-4200-4FA1-9AEB-20F9E6E460AD}.Debug|Any CPU.Build.0 = Debug|Any CPU
		{78B88382-4200-4FA1-9AEB-20F9E6E460AD}.Release|Any CPU.ActiveCfg = Release|Any CPU
		{78B88382-4200-4FA1-9AEB-20F9E6E460AD}.Release|Any CPU.Build.0 = Release|Any CPU
	EndGlobalSection
	GlobalSection(SolutionProperties) = preSolution
		HideSolutionNode = FALSE
	EndGlobalSection
	GlobalSection(ExtensibilityGlobals) = postSolution
		SolutionGuid = {DDCB693D-A3DF-45DD-81CA-FD1DEF97A7A3}
	EndGlobalSection
EndGlobal
